
Microsoft Visual Studio Solution File, Format Version 12.00
# Visual Studio Version 17
VisualStudioVersion = 17.13.35818.85 d17.13
MinimumVisualStudioVersion = 10.0.40219.1
Project("{FAE04EC0-301F-11D3-BF4B-00C04F79EFBC}") = "Study8", "Study8\Study8.csproj", "{2A8D399D-8F31-44C4-B236-2D64C53D1B37}"
EndProject
Global
	GlobalSection(SolutionConfigurationPlatforms) = preSolution
		Debug|Any CPU = Debug|Any CPU
		Release|Any CPU = Release|Any CPU
	EndGlobalSection
	GlobalSection(ProjectConfigurationPlatforms) = postSolution
		{2A8D399D-8F31-44C4-B236-2D64C53D1B37}.Debug|Any CPU.ActiveCfg = Debug|Any CPU
		{2A8D399D-8F31-44C4-B236-2D64C53D1B37}.Debug|Any CPU.Build.0 = Debug|Any CPU
		{2A8D399D-8F31-44C4-B236-2D64C53D1B37}.Release|Any CPU.ActiveCfg = Release|Any CPU
		{2A8D399D-8F31-44C4-B236-2D64C53D1B37}.Release|Any CPU.Build.0 = Release|Any CPU
	EndGlobalSection
	GlobalSection(SolutionProperties) = preSolution
		HideSolutionNode = FALSE
	EndGlobalSection
	GlobalSection(ExtensibilityGlobals) = postSolution
		SolutionGuid = {943A5883-9B25-423D-BCF1-968CA682D5E2}
	EndGlobalSection
EndGlobal
