
Microsoft Visual Studio Solution File, Format Version 12.00
# Visual Studio Version 17
VisualStudioVersion = 17.13.35818.85 d17.13
MinimumVisualStudioVersion = 10.0.40219.1
Project("{FAE04EC0-301F-11D3-BF4B-00C04F79EFBC}") = "TodayTask1", "TodayTask1\TodayTask1.csproj", "{AC328662-C738-49C2-A363-546DA13D66EE}"
EndProject
Global
	GlobalSection(SolutionConfigurationPlatforms) = preSolution
		Debug|Any CPU = Debug|Any CPU
		Release|Any CPU = Release|Any CPU
	EndGlobalSection
	GlobalSection(ProjectConfigurationPlatforms) = postSolution
		{AC328662-C738-49C2-A363-546DA13D66EE}.Debug|Any CPU.ActiveCfg = Debug|Any CPU
		{AC328662-C738-49C2-A363-546DA13D66EE}.Debug|Any CPU.Build.0 = Debug|Any CPU
		{AC328662-C738-49C2-A363-546DA13D66EE}.Release|Any CPU.ActiveCfg = Release|Any CPU
		{AC328662-C738-49C2-A363-546DA13D66EE}.Release|Any CPU.Build.0 = Release|Any CPU
	EndGlobalSection
	GlobalSection(SolutionProperties) = preSolution
		HideSolutionNode = FALSE
	EndGlobalSection
	GlobalSection(ExtensibilityGlobals) = postSolution
		SolutionGuid = {5753EEE0-B406-44EE-B7A4-02022AAD1690}
	EndGlobalSection
EndGlobal
